
Microsoft Visual Studio Solution File, Format Version 12.00
# Visual Studio Version 16
VisualStudioVersion = 16.0.31624.102
MinimumVisualStudioVersion = 10.0.40219.1
Project("{FAE04EC0-301F-11D3-BF4B-00C04F79EFBC}") = "윈도우 고급 개인프로젝트", "WindowsFormsApp4\윈도우 고급 개인프로젝트.csproj", "{0A4A627B-B49C-4AA7-9729-A78B4CFFF46C}"
EndProject
Global
	GlobalSection(SolutionConfigurationPlatforms) = preSolution
		Debug|Any CPU = Debug|Any CPU
		Release|Any CPU = Release|Any CPU
	EndGlobalSection
	GlobalSection(ProjectConfigurationPlatforms) = postSolution
		{0A4A627B-B49C-4AA7-9729-A78B4CFFF46C}.Debug|Any CPU.ActiveCfg = Debug|Any CPU
		{0A4A627B-B49C-4AA7-9729-A78B4CFFF46C}.Debug|Any CPU.Build.0 = Debug|Any CPU
		{0A4A627B-B49C-4AA7-9729-A78B4CFFF46C}.Release|Any CPU.ActiveCfg = Release|Any CPU
		{0A4A627B-B49C-4AA7-9729-A78B4CFFF46C}.Release|Any CPU.Build.0 = Release|Any CPU
	EndGlobalSection
	GlobalSection(SolutionProperties) = preSolution
		HideSolutionNode = FALSE
	EndGlobalSection
	GlobalSection(ExtensibilityGlobals) = postSolution
		SolutionGuid = {4ECC2087-9DD3-4648-B7CD-E1C34DA1BB12}
	EndGlobalSection
EndGlobal
